
Microsoft Visual Studio Solution File, Format Version 12.00
# Visual Studio Version 17
VisualStudioVersion = 17.9.34714.143
MinimumVisualStudioVersion = 10.0.40219.1
Project("{9A19103F-16F7-4668-BE54-9A1E7A4F7556}") = "Clase-09", "Clase-09.csproj", "{E03F0E96-4663-42D2-9AA2-167198E7268D}"
EndProject
Project("{9A19103F-16F7-4668-BE54-9A1E7A4F7556}") = "WinFormsAppADO", "..\WinFormsAppADO\WinFormsAppADO.csproj", "{A4990CF1-7969-4556-8EC2-3336A2C622A2}"
EndProject
Project("{FAE04EC0-301F-11D3-BF4B-00C04F79EFBC}") = "PreEntrega2_RodriguezGonzalo", "..\PreEntrega2_RodriguezGonzalo\PreEntrega2_RodriguezGonzalo.csproj", "{342149E5-0676-4003-A5AE-B138B116AB6E}"
EndProject
Global
	GlobalSection(SolutionConfigurationPlatforms) = preSolution
		Debug|Any CPU = Debug|Any CPU
		Release|Any CPU = Release|Any CPU
	EndGlobalSection
	GlobalSection(ProjectConfigurationPlatforms) = postSolution
		{E03F0E96-4663-42D2-9AA2-167198E7268D}.Debug|Any CPU.ActiveCfg = Debug|Any CPU
		{E03F0E96-4663-42D2-9AA2-167198E7268D}.Debug|Any CPU.Build.0 = Debug|Any CPU
		{E03F0E96-4663-42D2-9AA2-167198E7268D}.Release|Any CPU.ActiveCfg = Release|Any CPU
		{E03F0E96-4663-42D2-9AA2-167198E7268D}.Release|Any CPU.Build.0 = Release|Any CPU
		{A4990CF1-7969-4556-8EC2-3336A2C622A2}.Debug|Any CPU.ActiveCfg = Debug|Any CPU
		{A4990CF1-7969-4556-8EC2-3336A2C622A2}.Debug|Any CPU.Build.0 = Debug|Any CPU
		{A4990CF1-7969-4556-8EC2-3336A2C622A2}.Release|Any CPU.ActiveCfg = Release|Any CPU
		{A4990CF1-7969-4556-8EC2-3336A2C622A2}.Release|Any CPU.Build.0 = Release|Any CPU
		{342149E5-0676-4003-A5AE-B138B116AB6E}.Debug|Any CPU.ActiveCfg = Debug|Any CPU
		{342149E5-0676-4003-A5AE-B138B116AB6E}.Debug|Any CPU.Build.0 = Debug|Any CPU
		{342149E5-0676-4003-A5AE-B138B116AB6E}.Release|Any CPU.ActiveCfg = Release|Any CPU
		{342149E5-0676-4003-A5AE-B138B116AB6E}.Release|Any CPU.Build.0 = Release|Any CPU
	EndGlobalSection
	GlobalSection(SolutionProperties) = preSolution
		HideSolutionNode = FALSE
	EndGlobalSection
	GlobalSection(ExtensibilityGlobals) = postSolution
		SolutionGuid = {BA570E7E-BF46-4B71-AAC6-2422D73F430E}
	EndGlobalSection
EndGlobal
